// !$*UTF8*$!
{
	archiveVersion = 1;
	classes = {
	};
	objectVersion = 50;
	objects = {

/* Begin PBXBuildFile section */
		D365255A2549C4A600520765 /* MissionView.swift in Sources */ = {isa = PBXBuildFile; fileRef = D36525592549C4A600520765 /* MissionView.swift */; };
		D365255E2549CB6900520765 /* AstronautView.swift in Sources */ = {isa = PBXBuildFile; fileRef = D365255D2549CB6900520765 /* AstronautView.swift */; };
		D39C217725487255001A8295 /* AppDelegate.swift in Sources */ = {isa = PBXBuildFile; fileRef = D39C217625487255001A8295 /* AppDelegate.swift */; };
		D39C217925487255001A8295 /* SceneDelegate.swift in Sources */ = {isa = PBXBuildFile; fileRef = D39C217825487255001A8295 /* SceneDelegate.swift */; };
		D39C217B25487255001A8295 /* ContentView.swift in Sources */ = {isa = PBXBuildFile; fileRef = D39C217A25487255001A8295 /* ContentView.swift */; };
		D39C217D25487258001A8295 /* Assets.xcassets in Resources */ = {isa = PBXBuildFile; fileRef = D39C217C25487258001A8295 /* Assets.xcassets */; };
		D39C218025487258001A8295 /* Preview Assets.xcassets in Resources */ = {isa = PBXBuildFile; fileRef = D39C217F25487258001A8295 /* Preview Assets.xcassets */; };
		D39C218325487258001A8295 /* LaunchScreen.storyboard in Resources */ = {isa = PBXBuildFile; fileRef = D39C218125487258001A8295 /* LaunchScreen.storyboard */; };
		D39C218D25487275001A8295 /* missions.json in Resources */ = {isa = PBXBuildFile; fileRef = D39C218B25487274001A8295 /* missions.json */; };
		D39C218E25487275001A8295 /* astronauts.json in Resources */ = {isa = PBXBuildFile; fileRef = D39C218C25487275001A8295 /* astronauts.json */; };
		D39C2191254872F6001A8295 /* Astronaut.swift in Sources */ = {isa = PBXBuildFile; fileRef = D39C2190254872F5001A8295 /* Astronaut.swift */; };
		D39C21942548736D001A8295 /* Bundle-Decodable.swift in Sources */ = {isa = PBXBuildFile; fileRef = D39C21932548736D001A8295 /* Bundle-Decodable.swift */; };
		D39C219725487467001A8295 /* Mission.swift in Sources */ = {isa = PBXBuildFile; fileRef = D39C219625487467001A8295 /* Mission.swift */; };
/* End PBXBuildFile section */

/* Begin PBXFileReference section */
		D36525592549C4A600520765 /* MissionView.swift */ = {isa = PBXFileReference; lastKnownFileType = sourcecode.swift; path = MissionView.swift; sourceTree = "<group>"; };
		D365255D2549CB6900520765 /* AstronautView.swift */ = {isa = PBXFileReference; lastKnownFileType = sourcecode.swift; path = AstronautView.swift; sourceTree = "<group>"; };
		D39C217325487255001A8295 /* Moonshot.app */ = {isa = PBXFileReference; explicitFileType = wrapper.application; includeInIndex = 0; path = Moonshot.app; sourceTree = BUILT_PRODUCTS_DIR; };
		D39C217625487255001A8295 /* AppDelegate.swift */ = {isa = PBXFileReference; lastKnownFileType = sourcecode.swift; path = AppDelegate.swift; sourceTree = "<group>"; };
		D39C217825487255001A8295 /* SceneDelegate.swift */ = {isa = PBXFileReference; lastKnownFileType = sourcecode.swift; path = SceneDelegate.swift; sourceTree = "<group>"; };
		D39C217A25487255001A8295 /* ContentView.swift */ = {isa = PBXFileReference; lastKnownFileType = sourcecode.swift; path = ContentView.swift; sourceTree = "<group>"; };
		D39C217C25487258001A8295 /* Assets.xcassets */ = {isa = PBXFileReference; lastKnownFileType = folder.assetcatalog; path = Assets.xcassets; sourceTree = "<group>"; };
		D39C217F25487258001A8295 /* Preview Assets.xcassets */ = {isa = PBXFileReference; lastKnownFileType = folder.assetcatalog; path = "Preview Assets.xcassets"; sourceTree = "<group>"; };
		D39C218225487258001A8295 /* Base */ = {isa = PBXFileReference; lastKnownFileType = file.storyboard; name = Base; path = Base.lproj/LaunchScreen.storyboard; sourceTree = "<group>"; };
		D39C218425487258001A8295 /* Info.plist */ = {isa = PBXFileReference; lastKnownFileType = text.plist.xml; path = Info.plist; sourceTree = "<group>"; };
		D39C218B25487274001A8295 /* missions.json */ = {isa = PBXFileReference; fileEncoding = 4; lastKnownFileType = text.json; path = missions.json; sourceTree = "<group>"; };
		D39C218C25487275001A8295 /* astronauts.json */ = {isa = PBXFileReference; fileEncoding = 4; lastKnownFileType = text.json; path = astronauts.json; sourceTree = "<group>"; };
		D39C2190254872F5001A8295 /* Astronaut.swift */ = {isa = PBXFileReference; lastKnownFileType = sourcecode.swift; path = Astronaut.swift; sourceTree = "<group>"; };
		D39C21932548736D001A8295 /* Bundle-Decodable.swift */ = {isa = PBXFileReference; lastKnownFileType = sourcecode.swift; path = "Bundle-Decodable.swift"; sourceTree = "<group>"; };
		D39C219625487467001A8295 /* Mission.swift */ = {isa = PBXFileReference; lastKnownFileType = sourcecode.swift; path = Mission.swift; sourceTree = "<group>"; };
/* End PBXFileReference section */

/* Begin PBXFrameworksBuildPhase section */
		D39C217025487255001A8295 /* Frameworks */ = {
			isa = PBXFrameworksBuildPhase;
			buildActionMask = 2147483647;
			files = (
			);
			runOnlyForDeploymentPostprocessing = 0;
		};
/* End PBXFrameworksBuildPhase section */

/* Begin PBXGroup section */
		D39C216A25487255001A8295 = {
			isa = PBXGroup;
			children = (
				D39C217525487255001A8295 /* Moonshot */,
				D39C217425487255001A8295 /* Products */,
			);
			sourceTree = "<group>";
		};
		D39C217425487255001A8295 /* Products */ = {
			isa = PBXGroup;
			children = (
				D39C217325487255001A8295 /* Moonshot.app */,
			);
			name = Products;
			sourceTree = "<group>";
		};
		D39C217525487255001A8295 /* Moonshot */ = {
			isa = PBXGroup;
			children = (
				D39C217625487255001A8295 /* AppDelegate.swift */,
				D39C217825487255001A8295 /* SceneDelegate.swift */,
				D39C217A25487255001A8295 /* ContentView.swift */,
				D365255D2549CB6900520765 /* AstronautView.swift */,
				D36525592549C4A600520765 /* MissionView.swift */,
				D39C217C25487258001A8295 /* Assets.xcassets */,
				D39C218125487258001A8295 /* LaunchScreen.storyboard */,
				D39C218425487258001A8295 /* Info.plist */,
				D39C218C25487275001A8295 /* astronauts.json */,
				D39C218B25487274001A8295 /* missions.json */,
				D39C217E25487258001A8295 /* Preview Content */,
				D39C2190254872F5001A8295 /* Astronaut.swift */,
				D39C21932548736D001A8295 /* Bundle-Decodable.swift */,
				D39C219625487467001A8295 /* Mission.swift */,
			);
			path = Moonshot;
			sourceTree = "<group>";
		};
		D39C217E25487258001A8295 /* Preview Content */ = {
			isa = PBXGroup;
			children = (
				D39C217F25487258001A8295 /* Preview Assets.xcassets */,
			);
			path = "Preview Content";
			sourceTree = "<group>";
		};
/* End PBXGroup section */

/* Begin PBXNativeTarget section */
		D39C217225487255001A8295 /* Moonshot */ = {
			isa = PBXNativeTarget;
			buildConfigurationList = D39C218725487258001A8295 /* Build configuration list for PBXNativeTarget "Moonshot" */;
			buildPhases = (
				D39C216F25487255001A8295 /* Sources */,
				D39C217025487255001A8295 /* Frameworks */,
				D39C217125487255001A8295 /* Resources */,
			);
			buildRules = (
			);
			dependencies = (
			);
			name = Moonshot;
			productName = Moonshot;
			productReference = D39C217325487255001A8295 /* Moonshot.app */;
			productType = "com.apple.product-type.application";
		};
/* End PBXNativeTarget section */

/* Begin PBXProject section */
		D39C216B25487255001A8295 /* Project object */ = {
			isa = PBXProject;
			attributes = {
				LastSwiftUpdateCheck = 1210;
				LastUpgradeCheck = 1210;
				TargetAttributes = {
					D39C217225487255001A8295 = {
						CreatedOnToolsVersion = 12.1;
					};
				};
			};
			buildConfigurationList = D39C216E25487255001A8295 /* Build configuration list for PBXProject "Moonshot" */;
			compatibilityVersion = "Xcode 9.3";
			developmentRegion = en;
			hasScannedForEncodings = 0;
			knownRegions = (
				en,
				Base,
			);
			mainGroup = D39C216A25487255001A8295;
			productRefGroup = D39C217425487255001A8295 /* Products */;
			projectDirPath = "";
			projectRoot = "";
			targets = (
				D39C217225487255001A8295 /* Moonshot */,
			);
		};
/* End PBXProject section */

/* Begin PBXResourcesBuildPhase section */
		D39C217125487255001A8295 /* Resources */ = {
			isa = PBXResourcesBuildPhase;
			buildActionMask = 2147483647;
			files = (
				D39C218325487258001A8295 /* LaunchScreen.storyboard in Resources */,
				D39C218025487258001A8295 /* Preview Assets.xcassets in Resources */,
				D39C218D25487275001A8295 /* missions.json in Resources */,
				D39C218E25487275001A8295 /* astronauts.json in Resources */,
				D39C217D25487258001A8295 /* Assets.xcassets in Resources */,
			);
			runOnlyForDeploymentPostprocessing = 0;
		};
/* End PBXResourcesBuildPhase section */

/* Begin PBXSourcesBuildPhase section */
		D39C216F25487255001A8295 /* Sources */ = {
			isa = PBXSourcesBuildPhase;
			buildActionMask = 2147483647;
			files = (
				D39C219725487467001A8295 /* Mission.swift in Sources */,
				D365255A2549C4A600520765 /* MissionView.swift in Sources */,
				D365255E2549CB6900520765 /* AstronautView.swift in Sources */,
				D39C217725487255001A8295 /* AppDelegate.swift in Sources */,
				D39C217925487255001A8295 /* SceneDelegate.swift in Sources */,
				D39C21942548736D001A8295 /* Bundle-Decodable.swift in Sources */,
				D39C217B25487255001A8295 /* ContentView.swift in Sources */,
				D39C2191254872F6001A8295 /* Astronaut.swift in Sources */,
			);
			runOnlyForDeploymentPostprocessing = 0;
		};
/* End PBXSourcesBuildPhase section */

/* Begin PBXVariantGroup section */
		D39C218125487258001A8295 /* LaunchScreen.storyboard */ = {
			isa = PBXVariantGroup;
			children = (
				D39C218225487258001A8295 /* Base */,
			);
			name = LaunchScreen.storyboard;
			sourceTree = "<group>";
		};
/* End PBXVariantGroup section */

/* Begin XCBuildConfiguration section */
		D39C218525487258001A8295 /* Debug */ = {
			isa = XCBuildConfiguration;
			buildSettings = {
				ALWAYS_SEARCH_USER_PATHS = NO;
				CLANG_ANALYZER_NONNULL = YES;
				CLANG_ANALYZER_NUMBER_OBJECT_CONVERSION = YES_AGGRESSIVE;
				CLANG_CXX_LANGUAGE_STANDARD = "gnu++14";
				CLANG_CXX_LIBRARY = "libc++";
				CLANG_ENABLE_MODULES = YES;
				CLANG_ENABLE_OBJC_ARC = YES;
				CLANG_ENABLE_OBJC_WEAK = YES;
				CLANG_WARN_BLOCK_CAPTURE_AUTORELEASING = YES;
				CLANG_WARN_BOOL_CONVERSION = YES;
				CLANG_WARN_COMMA = YES;
				CLANG_WARN_CONSTANT_CONVERSION = YES;
				CLANG_WARN_DEPRECATED_OBJC_IMPLEMENTATIONS = YES;
				CLANG_WARN_DIRECT_OBJC_ISA_USAGE = YES_ERROR;
				CLANG_WARN_DOCUMENTATION_COMMENTS = YES;
				CLANG_WARN_EMPTY_BODY = YES;
				CLANG_WARN_ENUM_CONVERSION = YES;
				CLANG_WARN_INFINITE_RECURSION = YES;
				CLANG_WARN_INT_CONVERSION = YES;
				CLANG_WARN_NON_LITERAL_NULL_CONVERSION = YES;
				CLANG_WARN_OBJC_IMPLICIT_RETAIN_SELF = YES;
				CLANG_WARN_OBJC_LITERAL_CONVERSION = YES;
				CLANG_WARN_OBJC_ROOT_CLASS = YES_ERROR;
				CLANG_WARN_QUOTED_INCLUDE_IN_FRAMEWORK_HEADER = YES;
				CLANG_WARN_RANGE_LOOP_ANALYSIS = YES;
				CLANG_WARN_STRICT_PROTOTYPES = YES;
				CLANG_WARN_SUSPICIOUS_MOVE = YES;
				CLANG_WARN_UNGUARDED_AVAILABILITY = YES_AGGRESSIVE;
				CLANG_WARN_UNREACHABLE_CODE = YES;
				CLANG_WARN__DUPLICATE_METHOD_MATCH = YES;
				COPY_PHASE_STRIP = NO;
				DEBUG_INFORMATION_FORMAT = dwarf;
				ENABLE_STRICT_OBJC_MSGSEND = YES;
				ENABLE_TESTABILITY = YES;
				GCC_C_LANGUAGE_STANDARD = gnu11;
				GCC_DYNAMIC_NO_PIC = NO;
				GCC_NO_COMMON_BLOCKS = YES;
				GCC_OPTIMIZATION_LEVEL = 0;
				GCC_PREPROCESSOR_DEFINITIONS = (
					"DEBUG=1",
					"$(inherited)",
				);
				GCC_WARN_64_TO_32_BIT_CONVERSION = YES;
				GCC_WARN_ABOUT_RETURN_TYPE = YES_ERROR;
				GCC_WARN_UNDECLARED_SELECTOR = YES;
				GCC_WARN_UNINITIALIZED_AUTOS = YES_AGGRESSIVE;
				GCC_WARN_UNUSED_FUNCTION = YES;
				GCC_WARN_UNUSED_VARIABLE = YES;
				IPHONEOS_DEPLOYMENT_TARGET = 14.1;
				MTL_ENABLE_DEBUG_INFO = INCLUDE_SOURCE;
				MTL_FAST_MATH = YES;
				ONLY_ACTIVE_ARCH = YES;
				SDKROOT = iphoneos;
				SWIFT_ACTIVE_COMPILATION_CONDITIONS = DEBUG;
				SWIFT_OPTIMIZATION_LEVEL = "-Onone";
			};
			name = Debug;
		};
		D39C218625487258001A8295 /* Release */ = {
			isa = XCBuildConfiguration;
			buildSettings = {
				ALWAYS_SEARCH_USER_PATHS = NO;
				CLANG_ANALYZER_NONNULL = YES;
				CLANG_ANALYZER_NUMBER_OBJECT_CONVERSION = YES_AGGRESSIVE;
				CLANG_CXX_LANGUAGE_STANDARD = "gnu++14";
				CLANG_CXX_LIBRARY = "libc++";
				CLANG_ENABLE_MODULES = YES;
				CLANG_ENABLE_OBJC_ARC = YES;
				CLANG_ENABLE_OBJC_WEAK = YES;
				CLANG_WARN_BLOCK_CAPTURE_AUTORELEASING = YES;
				CLANG_WARN_BOOL_CONVERSION = YES;
				CLANG_WARN_COMMA = YES;
				CLANG_WARN_CONSTANT_CONVERSION = YES;
				CLANG_WARN_DEPRECATED_OBJC_IMPLEMENTATIONS = YES;
				CLANG_WARN_DIRECT_OBJC_ISA_USAGE = YES_ERROR;
				CLANG_WARN_DOCUMENTATION_COMMENTS = YES;
				CLANG_WARN_EMPTY_BODY = YES;
				CLANG_WARN_ENUM_CONVERSION = YES;
				CLANG_WARN_INFINITE_RECURSION = YES;
				CLANG_WARN_INT_CONVERSION = YES;
				CLANG_WARN_NON_LITERAL_NULL_CONVERSION = YES;
				CLANG_WARN_OBJC_IMPLICIT_RETAIN_SELF = YES;
				CLANG_WARN_OBJC_LITERAL_CONVERSION = YES;
				CLANG_WARN_OBJC_ROOT_CLASS = YES_ERROR;
				CLANG_WARN_QUOTED_INCLUDE_IN_FRAMEWORK_HEADER = YES;
				CLANG_WARN_RANGE_LOOP_ANALYSIS = YES;
				CLANG_WARN_STRICT_PROTOTYPES = YES;
				CLANG_WARN_SUSPICIOUS_MOVE = YES;
				CLANG_WARN_UNGUARDED_AVAILABILITY = YES_AGGRESSIVE;
				CLANG_WARN_UNREACHABLE_CODE = YES;
				CLANG_WARN__DUPLICATE_METHOD_MATCH = YES;
				COPY_PHASE_STRIP = NO;
				DEBUG_INFORMATION_FORMAT = "dwarf-with-dsym";
				ENABLE_NS_ASSERTIONS = NO;
				ENABLE_STRICT_OBJC_MSGSEND = YES;
				GCC_C_LANGUAGE_STANDARD = gnu11;
				GCC_NO_COMMON_BLOCKS = YES;
				GCC_WARN_64_TO_32_BIT_CONVERSION = YES;
				GCC_WARN_ABOUT_RETURN_TYPE = YES_ERROR;
				GCC_WARN_UNDECLARED_SELECTOR = YES;
				GCC_WARN_UNINITIALIZED_AUTOS = YES_AGGRESSIVE;
				GCC_WARN_UNUSED_FUNCTION = YES;
				GCC_WARN_UNUSED_VARIABLE = YES;
				IPHONEOS_DEPLOYMENT_TARGET = 14.1;
				MTL_ENABLE_DEBUG_INFO = NO;
				MTL_FAST_MATH = YES;
				SDKROOT = iphoneos;
				SWIFT_COMPILATION_MODE = wholemodule;
				SWIFT_OPTIMIZATION_LEVEL = "-O";
				VALIDATE_PRODUCT = YES;
			};
			name = Release;
		};
		D39C218825487258001A8295 /* Debug */ = {
			isa = XCBuildConfiguration;
			buildSettings = {
				ASSETCATALOG_COMPILER_APPICON_NAME = AppIcon;
				ASSETCATALOG_COMPILER_GLOBAL_ACCENT_COLOR_NAME = AccentColor;
				CODE_SIGN_STYLE = Automatic;
				DEVELOPMENT_ASSET_PATHS = "\"Moonshot/Preview Content\"";
				DEVELOPMENT_TEAM = 9EVZ98Y23C;
				ENABLE_PREVIEWS = YES;
				INFOPLIST_FILE = Moonshot/Info.plist;
				LD_RUNPATH_SEARCH_PATHS = (
					"$(inherited)",
					"@executable_path/Frameworks",
				);
				PRODUCT_BUNDLE_IDENTIFIER = "de.local-solutions.Moonshot";
				PRODUCT_NAME = "$(TARGET_NAME)";
				SWIFT_VERSION = 5.0;
				TARGETED_DEVICE_FAMILY = "1,2";
			};
			name = Debug;
		};
		D39C218925487258001A8295 /* Release */ = {
			isa = XCBuildConfiguration;
			buildSettings = {
				ASSETCATALOG_COMPILER_APPICON_NAME = AppIcon;
				ASSETCATALOG_COMPILER_GLOBAL_ACCENT_COLOR_NAME = AccentColor;
				CODE_SIGN_STYLE = Automatic;
				DEVELOPMENT_ASSET_PATHS = "\"Moonshot/Preview Content\"";
				DEVELOPMENT_TEAM = 9EVZ98Y23C;
				ENABLE_PREVIEWS = YES;
				INFOPLIST_FILE = Moonshot/Info.plist;
				LD_RUNPATH_SEARCH_PATHS = (
					"$(inherited)",
					"@executable_path/Frameworks",
				);
				PRODUCT_BUNDLE_IDENTIFIER = "de.local-solutions.Moonshot";
				PRODUCT_NAME = "$(TARGET_NAME)";
				SWIFT_VERSION = 5.0;
				TARGETED_DEVICE_FAMILY = "1,2";
			};
			name = Release;
		};
/* End XCBuildConfiguration section */

/* Begin XCConfigurationList section */
		D39C216E25487255001A8295 /* Build configuration list for PBXProject "Moonshot" */ = {
			isa = XCConfigurationList;
			buildConfigurations = (
				D39C218525487258001A8295 /* Debug */,
				D39C218625487258001A8295 /* Release */,
			);
			defaultConfigurationIsVisible = 0;
			defaultConfigurationName = Release;
		};
		D39C218725487258001A8295 /* Build configuration list for PBXNativeTarget "Moonshot" */ = {
			isa = XCConfigurationList;
			buildConfigurations = (
				D39C218825487258001A8295 /* Debug */,
				D39C218925487258001A8295 /* Release */,
			);
			defaultConfigurationIsVisible = 0;
			defaultConfigurationName = Release;
		};
/* End XCConfigurationList section */
	};
	rootObject = D39C216B25487255001A8295 /* Project object */;
}
